{
  "object": {
    "pins": [
      {
        "package": "Binary",
        "repositoryURL": "git@github.com:spacenation/binary-swift.git",
        "state": {
          "branch": null,
          "revision": "b66515c8f8476d4be165354b3d0c994ecdfdedfb",
          "version": "0.1.2"
        }
      },
      {
        "package": "Functional",
        "repositoryURL": "git@github.com:spacenation/functional-swift.git",
        "state": {
          "branch": null,
          "revision": "c75d470e8eaca490ca3f717133b695fc8d1e21a5",
          "version": "0.3.5"
        }
      }
    ]
  },
  "version": 1
}
